
Microsoft Visual Studio Solution File, Format Version 12.00
# Visual Studio Version 16
VisualStudioVersion = 16.0.30330.147
MinimumVisualStudioVersion = 10.0.40219.1
Project("{FAE04EC0-301F-11D3-BF4B-00C04F79EFBC}") = "DemoSql", "DemoSql\DemoSql.csproj", "{035BE8EC-0CA7-4797-B62D-FAC0505FA86A}"
EndProject
Global
	GlobalSection(SolutionConfigurationPlatforms) = preSolution
		Debug|Any CPU = Debug|Any CPU
		Release|Any CPU = Release|Any CPU
	EndGlobalSection
	GlobalSection(ProjectConfigurationPlatforms) = postSolution
		{035BE8EC-0CA7-4797-B62D-FAC0505FA86A}.Debug|Any CPU.ActiveCfg = Debug|Any CPU
		{035BE8EC-0CA7-4797-B62D-FAC0505FA86A}.Debug|Any CPU.Build.0 = Debug|Any CPU
		{035BE8EC-0CA7-4797-B62D-FAC0505FA86A}.Release|Any CPU.ActiveCfg = Release|Any CPU
		{035BE8EC-0CA7-4797-B62D-FAC0505FA86A}.Release|Any CPU.Build.0 = Release|Any CPU
	EndGlobalSection
	GlobalSection(SolutionProperties) = preSolution
		HideSolutionNode = FALSE
	EndGlobalSection
	GlobalSection(ExtensibilityGlobals) = postSolution
		SolutionGuid = {E3226485-60A0-4C6F-A745-469014510C07}
	EndGlobalSection
EndGlobal
